
Microsoft Visual Studio Solution File, Format Version 12.00
# Visual Studio Version 17
VisualStudioVersion = 17.5.2.0
MinimumVisualStudioVersion = 10.0.40219.1
Project("{2150E333-8FDC-42A3-9474-1A3956D46DE8}") = "Exercise Files", "Exercise Files", "{5332F91A-EFBD-4459-937B-1BDF02B6F645}"
EndProject
Project("{2150E333-8FDC-42A3-9474-1A3956D46DE8}") = "Finished", "Finished", "{A729AB1A-1771-433A-AA81-86FED727959D}"
EndProject
Project("{2150E333-8FDC-42A3-9474-1A3956D46DE8}") = "Files", "Files", "{1B5E9F65-26ED-4341-9D78-11F4D5FDF070}"
EndProject
Project("{9A19103F-16F7-4668-BE54-9A1E7A4F7556}") = "Challenge", "Exercise Files\Finished\Files\Challenge\Challenge.csproj", "{206EA22B-2836-45D5-9269-7A3D3D340240}"
EndProject
Project("{9A19103F-16F7-4668-BE54-9A1E7A4F7556}") = "CreateFiles", "Exercise Files\Finished\Files\CreateFiles\CreateFiles.csproj", "{2A5E8280-3C02-41DA-83CE-245B41BF2EA4}"
EndProject
Project("{9A19103F-16F7-4668-BE54-9A1E7A4F7556}") = "Directories", "Exercise Files\Finished\Files\Directories\Directories.csproj", "{4D1DE3E6-F66F-4B68-A6DE-4B2BBC6CC099}"
EndProject
Project("{9A19103F-16F7-4668-BE54-9A1E7A4F7556}") = "FileInfo", "Exercise Files\Finished\Files\FileInfo\FileInfo.csproj", "{0A5FB38A-251E-4847-9EB7-76B8A63ABEFE}"
EndProject
Project("{9A19103F-16F7-4668-BE54-9A1E7A4F7556}") = "ReadWriteFiles", "Exercise Files\Finished\Files\ReadWriteFiles\ReadWriteFiles.csproj", "{44F71EE4-7B4D-4BDB-A09D-82BF33E74970}"
EndProject
Project("{2150E333-8FDC-42A3-9474-1A3956D46DE8}") = "NumbersDates", "NumbersDates", "{74B8540D-6069-420F-81C7-424512D80197}"
EndProject
Project("{9A19103F-16F7-4668-BE54-9A1E7A4F7556}") = "Challenge", "Exercise Files\Finished\NumbersDates\Challenge\Challenge.csproj", "{AA94C574-97EB-4EED-9799-D139E2752596}"
EndProject
Project("{9A19103F-16F7-4668-BE54-9A1E7A4F7556}") = "DateTimeClass", "Exercise Files\Finished\NumbersDates\DateTimeClass\DateTimeClass.csproj", "{504250D3-41FE-4D00-B462-6937BF992BEB}"
EndProject
Project("{9A19103F-16F7-4668-BE54-9A1E7A4F7556}") = "FormatDates", "Exercise Files\Finished\NumbersDates\FormatDates\FormatDates.csproj", "{7AF1A635-6666-4712-B0FE-8E5697233212}"
EndProject
Project("{9A19103F-16F7-4668-BE54-9A1E7A4F7556}") = "FormatNumbers", "Exercise Files\Finished\NumbersDates\FormatNumbers\FormatNumbers.csproj", "{4F028927-8B2A-4BD4-9409-119A6446832E}"
EndProject
Project("{9A19103F-16F7-4668-BE54-9A1E7A4F7556}") = "ParseDates", "Exercise Files\Finished\NumbersDates\ParseDates\ParseDates.csproj", "{E79D6F6C-A73E-4C08-96BA-D01689925345}"
EndProject
Project("{9A19103F-16F7-4668-BE54-9A1E7A4F7556}") = "ParseNumbers", "Exercise Files\Finished\NumbersDates\ParseNumbers\ParseNumbers.csproj", "{3F6865C9-B7E2-4F5B-925F-DB6B4BCC54D3}"
EndProject
Project("{2150E333-8FDC-42A3-9474-1A3956D46DE8}") = "Overview", "Overview", "{A754223D-82CC-47B2-9BA3-5049869F20A8}"
EndProject
Project("{9A19103F-16F7-4668-BE54-9A1E7A4F7556}") = "DataTypes", "Exercise Files\Finished\Overview\DataTypes\DataTypes.csproj", "{019D3078-0C5F-4B2E-ABC5-C7D9081DEB08}"
EndProject
Project("{9A19103F-16F7-4668-BE54-9A1E7A4F7556}") = "GarbageCollect", "Exercise Files\Finished\Overview\GarbageCollect\GarbageCollect.csproj", "{320943B9-C6F3-4842-9830-6684847B8368}"
EndProject
Project("{9A19103F-16F7-4668-BE54-9A1E7A4F7556}") = "MyConsoleApp", "Exercise Files\Finished\Overview\MyConsoleApp\MyConsoleApp.csproj", "{C73575AB-50B0-4E68-8912-6A68CD15A983}"
EndProject
Project("{2150E333-8FDC-42A3-9474-1A3956D46DE8}") = "Regex", "Regex", "{7E12F6BA-3D58-49F2-8103-941E1BF099C1}"
EndProject
Project("{9A19103F-16F7-4668-BE54-9A1E7A4F7556}") = "Challenge", "Exercise Files\Finished\Regex\Challenge\Challenge.csproj", "{E297D667-197F-4F8B-854D-77A7BB955231}"
EndProject
Project("{9A19103F-16F7-4668-BE54-9A1E7A4F7556}") = "Finding", "Exercise Files\Finished\Regex\Finding\Finding.csproj", "{E201F827-49B3-4C37-B56C-D75BB92463CA}"
EndProject
Project("{9A19103F-16F7-4668-BE54-9A1E7A4F7556}") = "Replacing", "Exercise Files\Finished\Regex\Replacing\Replacing.csproj", "{434D2822-E3F2-4EA2-AF86-4F27CC756E54}"
EndProject
Project("{9A19103F-16F7-4668-BE54-9A1E7A4F7556}") = "RegexTimeouts", "Exercise Files\Finished\Regex\Timeouts\RegexTimeouts.csproj", "{6314996E-BB0A-4D5D-8F1E-ED52321F5D50}"
EndProject
Project("{2150E333-8FDC-42A3-9474-1A3956D46DE8}") = "Strings", "Strings", "{5C3D96F7-FE93-499D-B777-292BB34C05FF}"
EndProject
Project("{9A19103F-16F7-4668-BE54-9A1E7A4F7556}") = "Formatting", "Exercise Files\Finished\Strings\Formatting\Formatting.csproj", "{2C90752D-759E-4B11-B791-7BB78969991D}"
EndProject
Project("{9A19103F-16F7-4668-BE54-9A1E7A4F7556}") = "Interpolation", "Exercise Files\Finished\Strings\Interpolation\Interpolation.csproj", "{B3B04784-66F9-475F-A340-2F99E9BA84E8}"
EndProject
Project("{9A19103F-16F7-4668-BE54-9A1E7A4F7556}") = "Manipulation", "Exercise Files\Finished\Strings\Manipulation\Manipulation.csproj", "{613DB117-D3C8-479B-B2E0-14CC4F7A5ACC}"
EndProject
Project("{9A19103F-16F7-4668-BE54-9A1E7A4F7556}") = "Searching", "Exercise Files\Finished\Strings\Searching\Searching.csproj", "{123DACF2-E1EE-4B44-8665-957A2770A87F}"
EndProject
Project("{2150E333-8FDC-42A3-9474-1A3956D46DE8}") = "Start", "Start", "{FB506694-F6B2-47F4-835F-4E597CCE300C}"
EndProject
Project("{2150E333-8FDC-42A3-9474-1A3956D46DE8}") = "Files", "Files", "{9F65711B-2308-4B44-85C7-9F003CBE8210}"
EndProject
Project("{9A19103F-16F7-4668-BE54-9A1E7A4F7556}") = "CreateFiles", "Exercise Files\Start\Files\CreateFiles\CreateFiles.csproj", "{3E93A9C1-036C-47E6-940A-9CD6950C6A9B}"
EndProject
Project("{9A19103F-16F7-4668-BE54-9A1E7A4F7556}") = "Directories", "Exercise Files\Start\Files\Directories\Directories.csproj", "{DF663590-0CF5-4B85-BE56-87F598B1BFB8}"
EndProject
Project("{9A19103F-16F7-4668-BE54-9A1E7A4F7556}") = "FileInfo", "Exercise Files\Start\Files\FileInfo\FileInfo.csproj", "{CE5C8240-667B-4F1D-AAD1-B06B1562A5B3}"
EndProject
Project("{9A19103F-16F7-4668-BE54-9A1E7A4F7556}") = "ReadWriteFiles", "Exercise Files\Start\Files\ReadWriteFiles\ReadWriteFiles.csproj", "{F7A32FDF-6EDA-4464-BE72-1B478FB2A1E7}"
EndProject
Project("{2150E333-8FDC-42A3-9474-1A3956D46DE8}") = "NumbersDates", "NumbersDates", "{40580F6B-77E9-43A3-90B1-FD9650B2159F}"
EndProject
Project("{9A19103F-16F7-4668-BE54-9A1E7A4F7556}") = "DateTimeClass", "Exercise Files\Start\NumbersDates\DateTimeClass\DateTimeClass.csproj", "{2442808F-1DC8-4525-8097-134E2319DC38}"
EndProject
Project("{9A19103F-16F7-4668-BE54-9A1E7A4F7556}") = "FormatDates", "Exercise Files\Start\NumbersDates\FormatDates\FormatDates.csproj", "{3A665792-6DBF-4C1D-A92E-76C27179893A}"
EndProject
Project("{9A19103F-16F7-4668-BE54-9A1E7A4F7556}") = "FormatNumbers", "Exercise Files\Start\NumbersDates\FormatNumbers\FormatNumbers.csproj", "{53F3977A-DC79-4391-AAD7-A23D7F2036B9}"
EndProject
Project("{9A19103F-16F7-4668-BE54-9A1E7A4F7556}") = "ParseDates", "Exercise Files\Start\NumbersDates\ParseDates\ParseDates.csproj", "{6DEBFCC5-2B57-423B-8573-5EF92F2D98B6}"
EndProject
Project("{9A19103F-16F7-4668-BE54-9A1E7A4F7556}") = "ParseNumbers", "Exercise Files\Start\NumbersDates\ParseNumbers\ParseNumbers.csproj", "{D42DE2FA-9C23-4F09-8B33-C2B1E63B7166}"
EndProject
Project("{2150E333-8FDC-42A3-9474-1A3956D46DE8}") = "Overview", "Overview", "{48BD6A1E-B26F-4D8A-86D6-1C3A7CE18E01}"
EndProject
Project("{9A19103F-16F7-4668-BE54-9A1E7A4F7556}") = "DataTypes", "Exercise Files\Start\Overview\DataTypes\DataTypes.csproj", "{AF04DE2D-9531-443D-AB57-71DFE42B0D19}"
EndProject
Project("{9A19103F-16F7-4668-BE54-9A1E7A4F7556}") = "GarbageCollect", "Exercise Files\Start\Overview\GarbageCollect\GarbageCollect.csproj", "{BB3FE9E0-8DCE-41C9-8D13-A3469EA1A458}"
EndProject
Project("{9A19103F-16F7-4668-BE54-9A1E7A4F7556}") = "MyConsoleApp", "Exercise Files\Start\Overview\MyConsoleApp\MyConsoleApp.csproj", "{19EF76FF-C489-4687-94CA-4C272D3B5D6E}"
EndProject
Project("{2150E333-8FDC-42A3-9474-1A3956D46DE8}") = "Regex", "Regex", "{2F2628FB-1FB1-4BD7-B607-2B540CC00126}"
EndProject
Project("{9A19103F-16F7-4668-BE54-9A1E7A4F7556}") = "Finding", "Exercise Files\Start\Regex\Finding\Finding.csproj", "{9C3D5051-38F6-463D-8ED8-A4BF9009CDFA}"
EndProject
Project("{9A19103F-16F7-4668-BE54-9A1E7A4F7556}") = "Replacing", "Exercise Files\Start\Regex\Replacing\Replacing.csproj", "{C5BD6EBC-2EF6-491F-9407-920009BB4847}"
EndProject
Project("{9A19103F-16F7-4668-BE54-9A1E7A4F7556}") = "RegexTimeouts", "Exercise Files\Start\Regex\Timeouts\RegexTimeouts.csproj", "{A9341E70-7B94-4A2B-8317-66651EBCDF7D}"
EndProject
Project("{2150E333-8FDC-42A3-9474-1A3956D46DE8}") = "Strings", "Strings", "{2B442B24-AD6A-4D46-9C9A-4778E952718C}"
EndProject
Project("{9A19103F-16F7-4668-BE54-9A1E7A4F7556}") = "Formatting", "Exercise Files\Start\Strings\Formatting\Formatting.csproj", "{05C22563-846B-4475-AD12-AAEAC94E116E}"
EndProject
Project("{9A19103F-16F7-4668-BE54-9A1E7A4F7556}") = "Interpolation", "Exercise Files\Start\Strings\Interpolation\Interpolation.csproj", "{94CF5487-C7FF-4AB5-B79F-794A1E3AB00D}"
EndProject
Project("{9A19103F-16F7-4668-BE54-9A1E7A4F7556}") = "Manipulation", "Exercise Files\Start\Strings\Manipulation\Manipulation.csproj", "{BA14B052-37FE-4D30-9B55-A8BBBF7005BC}"
EndProject
Project("{9A19103F-16F7-4668-BE54-9A1E7A4F7556}") = "Searching", "Exercise Files\Start\Strings\Searching\Searching.csproj", "{27976141-E293-4B0C-A94C-17F0A8EAE6CA}"
EndProject
Project("{FAE04EC0-301F-11D3-BF4B-00C04F79EFBC}") = "Challenge", "Exercise Files\Start\Files\Challenge\Challenge.csproj", "{E2C2705C-0679-3A40-A661-18B7B46F85BD}"
EndProject
Global
	GlobalSection(SolutionConfigurationPlatforms) = preSolution
		Debug|Any CPU = Debug|Any CPU
		Debug|x64 = Debug|x64
		Debug|x86 = Debug|x86
		Release|Any CPU = Release|Any CPU
		Release|x64 = Release|x64
		Release|x86 = Release|x86
	EndGlobalSection
	GlobalSection(ProjectConfigurationPlatforms) = postSolution
		{206EA22B-2836-45D5-9269-7A3D3D340240}.Debug|Any CPU.ActiveCfg = Debug|Any CPU
		{206EA22B-2836-45D5-9269-7A3D3D340240}.Debug|Any CPU.Build.0 = Debug|Any CPU
		{206EA22B-2836-45D5-9269-7A3D3D340240}.Debug|x64.ActiveCfg = Debug|Any CPU
		{206EA22B-2836-45D5-9269-7A3D3D340240}.Debug|x64.Build.0 = Debug|Any CPU
		{206EA22B-2836-45D5-9269-7A3D3D340240}.Debug|x86.ActiveCfg = Debug|Any CPU
		{206EA22B-2836-45D5-9269-7A3D3D340240}.Debug|x86.Build.0 = Debug|Any CPU
		{206EA22B-2836-45D5-9269-7A3D3D340240}.Release|Any CPU.ActiveCfg = Release|Any CPU
		{206EA22B-2836-45D5-9269-7A3D3D340240}.Release|Any CPU.Build.0 = Release|Any CPU
		{206EA22B-2836-45D5-9269-7A3D3D340240}.Release|x64.ActiveCfg = Release|Any CPU
		{206EA22B-2836-45D5-9269-7A3D3D340240}.Release|x64.Build.0 = Release|Any CPU
		{206EA22B-2836-45D5-9269-7A3D3D340240}.Release|x86.ActiveCfg = Release|Any CPU
		{206EA22B-2836-45D5-9269-7A3D3D340240}.Release|x86.Build.0 = Release|Any CPU
		{2A5E8280-3C02-41DA-83CE-245B41BF2EA4}.Debug|Any CPU.ActiveCfg = Debug|Any CPU
		{2A5E8280-3C02-41DA-83CE-245B41BF2EA4}.Debug|Any CPU.Build.0 = Debug|Any CPU
		{2A5E8280-3C02-41DA-83CE-245B41BF2EA4}.Debug|x64.ActiveCfg = Debug|Any CPU
		{2A5E8280-3C02-41DA-83CE-245B41BF2EA4}.Debug|x64.Build.0 = Debug|Any CPU
		{2A5E8280-3C02-41DA-83CE-245B41BF2EA4}.Debug|x86.ActiveCfg = Debug|Any CPU
		{2A5E8280-3C02-41DA-83CE-245B41BF2EA4}.Debug|x86.Build.0 = Debug|Any CPU
		{2A5E8280-3C02-41DA-83CE-245B41BF2EA4}.Release|Any CPU.ActiveCfg = Release|Any CPU
		{2A5E8280-3C02-41DA-83CE-245B41BF2EA4}.Release|Any CPU.Build.0 = Release|Any CPU
		{2A5E8280-3C02-41DA-83CE-245B41BF2EA4}.Release|x64.ActiveCfg = Release|Any CPU
		{2A5E8280-3C02-41DA-83CE-245B41BF2EA4}.Release|x64.Build.0 = Release|Any CPU
		{2A5E8280-3C02-41DA-83CE-245B41BF2EA4}.Release|x86.ActiveCfg = Release|Any CPU
		{2A5E8280-3C02-41DA-83CE-245B41BF2EA4}.Release|x86.Build.0 = Release|Any CPU
		{4D1DE3E6-F66F-4B68-A6DE-4B2BBC6CC099}.Debug|Any CPU.ActiveCfg = Debug|Any CPU
		{4D1DE3E6-F66F-4B68-A6DE-4B2BBC6CC099}.Debug|Any CPU.Build.0 = Debug|Any CPU
		{4D1DE3E6-F66F-4B68-A6DE-4B2BBC6CC099}.Debug|x64.ActiveCfg = Debug|Any CPU
		{4D1DE3E6-F66F-4B68-A6DE-4B2BBC6CC099}.Debug|x64.Build.0 = Debug|Any CPU
		{4D1DE3E6-F66F-4B68-A6DE-4B2BBC6CC099}.Debug|x86.ActiveCfg = Debug|Any CPU
		{4D1DE3E6-F66F-4B68-A6DE-4B2BBC6CC099}.Debug|x86.Build.0 = Debug|Any CPU
		{4D1DE3E6-F66F-4B68-A6DE-4B2BBC6CC099}.Release|Any CPU.ActiveCfg = Release|Any CPU
		{4D1DE3E6-F66F-4B68-A6DE-4B2BBC6CC099}.Release|Any CPU.Build.0 = Release|Any CPU
		{4D1DE3E6-F66F-4B68-A6DE-4B2BBC6CC099}.Release|x64.ActiveCfg = Release|Any CPU
		{4D1DE3E6-F66F-4B68-A6DE-4B2BBC6CC099}.Release|x64.Build.0 = Release|Any CPU
		{4D1DE3E6-F66F-4B68-A6DE-4B2BBC6CC099}.Release|x86.ActiveCfg = Release|Any CPU
		{4D1DE3E6-F66F-4B68-A6DE-4B2BBC6CC099}.Release|x86.Build.0 = Release|Any CPU
		{0A5FB38A-251E-4847-9EB7-76B8A63ABEFE}.Debug|Any CPU.ActiveCfg = Debug|Any CPU
		{0A5FB38A-251E-4847-9EB7-76B8A63ABEFE}.Debug|Any CPU.Build.0 = Debug|Any CPU
		{0A5FB38A-251E-4847-9EB7-76B8A63ABEFE}.Debug|x64.ActiveCfg = Debug|Any CPU
		{0A5FB38A-251E-4847-9EB7-76B8A63ABEFE}.Debug|x64.Build.0 = Debug|Any CPU
		{0A5FB38A-251E-4847-9EB7-76B8A63ABEFE}.Debug|x86.ActiveCfg = Debug|Any CPU
		{0A5FB38A-251E-4847-9EB7-76B8A63ABEFE}.Debug|x86.Build.0 = Debug|Any CPU
		{0A5FB38A-251E-4847-9EB7-76B8A63ABEFE}.Release|Any CPU.ActiveCfg = Release|Any CPU
		{0A5FB38A-251E-4847-9EB7-76B8A63ABEFE}.Release|Any CPU.Build.0 = Release|Any CPU
		{0A5FB38A-251E-4847-9EB7-76B8A63ABEFE}.Release|x64.ActiveCfg = Release|Any CPU
		{0A5FB38A-251E-4847-9EB7-76B8A63ABEFE}.Release|x64.Build.0 = Release|Any CPU
		{0A5FB38A-251E-4847-9EB7-76B8A63ABEFE}.Release|x86.ActiveCfg = Release|Any CPU
		{0A5FB38A-251E-4847-9EB7-76B8A63ABEFE}.Release|x86.Build.0 = Release|Any CPU
		{44F71EE4-7B4D-4BDB-A09D-82BF33E74970}.Debug|Any CPU.ActiveCfg = Debug|Any CPU
		{44F71EE4-7B4D-4BDB-A09D-82BF33E74970}.Debug|Any CPU.Build.0 = Debug|Any CPU
		{44F71EE4-7B4D-4BDB-A09D-82BF33E74970}.Debug|x64.ActiveCfg = Debug|Any CPU
		{44F71EE4-7B4D-4BDB-A09D-82BF33E74970}.Debug|x64.Build.0 = Debug|Any CPU
		{44F71EE4-7B4D-4BDB-A09D-82BF33E74970}.Debug|x86.ActiveCfg = Debug|Any CPU
		{44F71EE4-7B4D-4BDB-A09D-82BF33E74970}.Debug|x86.Build.0 = Debug|Any CPU
		{44F71EE4-7B4D-4BDB-A09D-82BF33E74970}.Release|Any CPU.ActiveCfg = Release|Any CPU
		{44F71EE4-7B4D-4BDB-A09D-82BF33E74970}.Release|Any CPU.Build.0 = Release|Any CPU
		{44F71EE4-7B4D-4BDB-A09D-82BF33E74970}.Release|x64.ActiveCfg = Release|Any CPU
		{44F71EE4-7B4D-4BDB-A09D-82BF33E74970}.Release|x64.Build.0 = Release|Any CPU
		{44F71EE4-7B4D-4BDB-A09D-82BF33E74970}.Release|x86.ActiveCfg = Release|Any CPU
		{44F71EE4-7B4D-4BDB-A09D-82BF33E74970}.Release|x86.Build.0 = Release|Any CPU
		{AA94C574-97EB-4EED-9799-D139E2752596}.Debug|Any CPU.ActiveCfg = Debug|Any CPU
		{AA94C574-97EB-4EED-9799-D139E2752596}.Debug|Any CPU.Build.0 = Debug|Any CPU
		{AA94C574-97EB-4EED-9799-D139E2752596}.Debug|x64.ActiveCfg = Debug|Any CPU
		{AA94C574-97EB-4EED-9799-D139E2752596}.Debug|x64.Build.0 = Debug|Any CPU
		{AA94C574-97EB-4EED-9799-D139E2752596}.Debug|x86.ActiveCfg = Debug|Any CPU
		{AA94C574-97EB-4EED-9799-D139E2752596}.Debug|x86.Build.0 = Debug|Any CPU
		{AA94C574-97EB-4EED-9799-D139E2752596}.Release|Any CPU.ActiveCfg = Release|Any CPU
		{AA94C574-97EB-4EED-9799-D139E2752596}.Release|Any CPU.Build.0 = Release|Any CPU
		{AA94C574-97EB-4EED-9799-D139E2752596}.Release|x64.ActiveCfg = Release|Any CPU
		{AA94C574-97EB-4EED-9799-D139E2752596}.Release|x64.Build.0 = Release|Any CPU
		{AA94C574-97EB-4EED-9799-D139E2752596}.Release|x86.ActiveCfg = Release|Any CPU
		{AA94C574-97EB-4EED-9799-D139E2752596}.Release|x86.Build.0 = Release|Any CPU
		{504250D3-41FE-4D00-B462-6937BF992BEB}.Debug|Any CPU.ActiveCfg = Debug|Any CPU
		{504250D3-41FE-4D00-B462-6937BF992BEB}.Debug|Any CPU.Build.0 = Debug|Any CPU
		{504250D3-41FE-4D00-B462-6937BF992BEB}.Debug|x64.ActiveCfg = Debug|Any CPU
		{504250D3-41FE-4D00-B462-6937BF992BEB}.Debug|x64.Build.0 = Debug|Any CPU
		{504250D3-41FE-4D00-B462-6937BF992BEB}.Debug|x86.ActiveCfg = Debug|Any CPU
		{504250D3-41FE-4D00-B462-6937BF992BEB}.Debug|x86.Build.0 = Debug|Any CPU
		{504250D3-41FE-4D00-B462-6937BF992BEB}.Release|Any CPU.ActiveCfg = Release|Any CPU
		{504250D3-41FE-4D00-B462-6937BF992BEB}.Release|Any CPU.Build.0 = Release|Any CPU
		{504250D3-41FE-4D00-B462-6937BF992BEB}.Release|x64.ActiveCfg = Release|Any CPU
		{504250D3-41FE-4D00-B462-6937BF992BEB}.Release|x64.Build.0 = Release|Any CPU
		{504250D3-41FE-4D00-B462-6937BF992BEB}.Release|x86.ActiveCfg = Release|Any CPU
		{504250D3-41FE-4D00-B462-6937BF992BEB}.Release|x86.Build.0 = Release|Any CPU
		{7AF1A635-6666-4712-B0FE-8E5697233212}.Debug|Any CPU.ActiveCfg = Debug|Any CPU
		{7AF1A635-6666-4712-B0FE-8E5697233212}.Debug|Any CPU.Build.0 = Debug|Any CPU
		{7AF1A635-6666-4712-B0FE-8E5697233212}.Debug|x64.ActiveCfg = Debug|Any CPU
		{7AF1A635-6666-4712-B0FE-8E5697233212}.Debug|x64.Build.0 = Debug|Any CPU
		{7AF1A635-6666-4712-B0FE-8E5697233212}.Debug|x86.ActiveCfg = Debug|Any CPU
		{7AF1A635-6666-4712-B0FE-8E5697233212}.Debug|x86.Build.0 = Debug|Any CPU
		{7AF1A635-6666-4712-B0FE-8E5697233212}.Release|Any CPU.ActiveCfg = Release|Any CPU
		{7AF1A635-6666-4712-B0FE-8E5697233212}.Release|Any CPU.Build.0 = Release|Any CPU
		{7AF1A635-6666-4712-B0FE-8E5697233212}.Release|x64.ActiveCfg = Release|Any CPU
		{7AF1A635-6666-4712-B0FE-8E5697233212}.Release|x64.Build.0 = Release|Any CPU
		{7AF1A635-6666-4712-B0FE-8E5697233212}.Release|x86.ActiveCfg = Release|Any CPU
		{7AF1A635-6666-4712-B0FE-8E5697233212}.Release|x86.Build.0 = Release|Any CPU
		{4F028927-8B2A-4BD4-9409-119A6446832E}.Debug|Any CPU.ActiveCfg = Debug|Any CPU
		{4F028927-8B2A-4BD4-9409-119A6446832E}.Debug|Any CPU.Build.0 = Debug|Any CPU
		{4F028927-8B2A-4BD4-9409-119A6446832E}.Debug|x64.ActiveCfg = Debug|Any CPU
		{4F028927-8B2A-4BD4-9409-119A6446832E}.Debug|x64.Build.0 = Debug|Any CPU
		{4F028927-8B2A-4BD4-9409-119A6446832E}.Debug|x86.ActiveCfg = Debug|Any CPU
		{4F028927-8B2A-4BD4-9409-119A6446832E}.Debug|x86.Build.0 = Debug|Any CPU
		{4F028927-8B2A-4BD4-9409-119A6446832E}.Release|Any CPU.ActiveCfg = Release|Any CPU
		{4F028927-8B2A-4BD4-9409-119A6446832E}.Release|Any CPU.Build.0 = Release|Any CPU
		{4F028927-8B2A-4BD4-9409-119A6446832E}.Release|x64.ActiveCfg = Release|Any CPU
		{4F028927-8B2A-4BD4-9409-119A6446832E}.Release|x64.Build.0 = Release|Any CPU
		{4F028927-8B2A-4BD4-9409-119A6446832E}.Release|x86.ActiveCfg = Release|Any CPU
		{4F028927-8B2A-4BD4-9409-119A6446832E}.Release|x86.Build.0 = Release|Any CPU
		{E79D6F6C-A73E-4C08-96BA-D01689925345}.Debug|Any CPU.ActiveCfg = Debug|Any CPU
		{E79D6F6C-A73E-4C08-96BA-D01689925345}.Debug|Any CPU.Build.0 = Debug|Any CPU
		{E79D6F6C-A73E-4C08-96BA-D01689925345}.Debug|x64.ActiveCfg = Debug|Any CPU
		{E79D6F6C-A73E-4C08-96BA-D01689925345}.Debug|x64.Build.0 = Debug|Any CPU
		{E79D6F6C-A73E-4C08-96BA-D01689925345}.Debug|x86.ActiveCfg = Debug|Any CPU
		{E79D6F6C-A73E-4C08-96BA-D01689925345}.Debug|x86.Build.0 = Debug|Any CPU
		{E79D6F6C-A73E-4C08-96BA-D01689925345}.Release|Any CPU.ActiveCfg = Release|Any CPU
		{E79D6F6C-A73E-4C08-96BA-D01689925345}.Release|Any CPU.Build.0 = Release|Any CPU
		{E79D6F6C-A73E-4C08-96BA-D01689925345}.Release|x64.ActiveCfg = Release|Any CPU
		{E79D6F6C-A73E-4C08-96BA-D01689925345}.Release|x64.Build.0 = Release|Any CPU
		{E79D6F6C-A73E-4C08-96BA-D01689925345}.Release|x86.ActiveCfg = Release|Any CPU
		{E79D6F6C-A73E-4C08-96BA-D01689925345}.Release|x86.Build.0 = Release|Any CPU
		{3F6865C9-B7E2-4F5B-925F-DB6B4BCC54D3}.Debug|Any CPU.ActiveCfg = Debug|Any CPU
		{3F6865C9-B7E2-4F5B-925F-DB6B4BCC54D3}.Debug|Any CPU.Build.0 = Debug|Any CPU
		{3F6865C9-B7E2-4F5B-925F-DB6B4BCC54D3}.Debug|x64.ActiveCfg = Debug|Any CPU
		{3F6865C9-B7E2-4F5B-925F-DB6B4BCC54D3}.Debug|x64.Build.0 = Debug|Any CPU
		{3F6865C9-B7E2-4F5B-925F-DB6B4BCC54D3}.Debug|x86.ActiveCfg = Debug|Any CPU
		{3F6865C9-B7E2-4F5B-925F-DB6B4BCC54D3}.Debug|x86.Build.0 = Debug|Any CPU
		{3F6865C9-B7E2-4F5B-925F-DB6B4BCC54D3}.Release|Any CPU.ActiveCfg = Release|Any CPU
		{3F6865C9-B7E2-4F5B-925F-DB6B4BCC54D3}.Release|Any CPU.Build.0 = Release|Any CPU
		{3F6865C9-B7E2-4F5B-925F-DB6B4BCC54D3}.Release|x64.ActiveCfg = Release|Any CPU
		{3F6865C9-B7E2-4F5B-925F-DB6B4BCC54D3}.Release|x64.Build.0 = Release|Any CPU
		{3F6865C9-B7E2-4F5B-925F-DB6B4BCC54D3}.Release|x86.ActiveCfg = Release|Any CPU
		{3F6865C9-B7E2-4F5B-925F-DB6B4BCC54D3}.Release|x86.Build.0 = Release|Any CPU
		{019D3078-0C5F-4B2E-ABC5-C7D9081DEB08}.Debug|Any CPU.ActiveCfg = Debug|Any CPU
		{019D3078-0C5F-4B2E-ABC5-C7D9081DEB08}.Debug|Any CPU.Build.0 = Debug|Any CPU
		{019D3078-0C5F-4B2E-ABC5-C7D9081DEB08}.Debug|x64.ActiveCfg = Debug|Any CPU
		{019D3078-0C5F-4B2E-ABC5-C7D9081DEB08}.Debug|x64.Build.0 = Debug|Any CPU
		{019D3078-0C5F-4B2E-ABC5-C7D9081DEB08}.Debug|x86.ActiveCfg = Debug|Any CPU
		{019D3078-0C5F-4B2E-ABC5-C7D9081DEB08}.Debug|x86.Build.0 = Debug|Any CPU
		{019D3078-0C5F-4B2E-ABC5-C7D9081DEB08}.Release|Any CPU.ActiveCfg = Release|Any CPU
		{019D3078-0C5F-4B2E-ABC5-C7D9081DEB08}.Release|Any CPU.Build.0 = Release|Any CPU
		{019D3078-0C5F-4B2E-ABC5-C7D9081DEB08}.Release|x64.ActiveCfg = Release|Any CPU
		{019D3078-0C5F-4B2E-ABC5-C7D9081DEB08}.Release|x64.Build.0 = Release|Any CPU
		{019D3078-0C5F-4B2E-ABC5-C7D9081DEB08}.Release|x86.ActiveCfg = Release|Any CPU
		{019D3078-0C5F-4B2E-ABC5-C7D9081DEB08}.Release|x86.Build.0 = Release|Any CPU
		{320943B9-C6F3-4842-9830-6684847B8368}.Debug|Any CPU.ActiveCfg = Debug|Any CPU
		{320943B9-C6F3-4842-9830-6684847B8368}.Debug|Any CPU.Build.0 = Debug|Any CPU
		{320943B9-C6F3-4842-9830-6684847B8368}.Debug|x64.ActiveCfg = Debug|Any CPU
		{320943B9-C6F3-4842-9830-6684847B8368}.Debug|x64.Build.0 = Debug|Any CPU
		{320943B9-C6F3-4842-9830-6684847B8368}.Debug|x86.ActiveCfg = Debug|Any CPU
		{320943B9-C6F3-4842-9830-6684847B8368}.Debug|x86.Build.0 = Debug|Any CPU
		{320943B9-C6F3-4842-9830-6684847B8368}.Release|Any CPU.ActiveCfg = Release|Any CPU
		{320943B9-C6F3-4842-9830-6684847B8368}.Release|Any CPU.Build.0 = Release|Any CPU
		{320943B9-C6F3-4842-9830-6684847B8368}.Release|x64.ActiveCfg = Release|Any CPU
		{320943B9-C6F3-4842-9830-6684847B8368}.Release|x64.Build.0 = Release|Any CPU
		{320943B9-C6F3-4842-9830-6684847B8368}.Release|x86.ActiveCfg = Release|Any CPU
		{320943B9-C6F3-4842-9830-6684847B8368}.Release|x86.Build.0 = Release|Any CPU
		{C73575AB-50B0-4E68-8912-6A68CD15A983}.Debug|Any CPU.ActiveCfg = Debug|Any CPU
		{C73575AB-50B0-4E68-8912-6A68CD15A983}.Debug|Any CPU.Build.0 = Debug|Any CPU
		{C73575AB-50B0-4E68-8912-6A68CD15A983}.Debug|x64.ActiveCfg = Debug|Any CPU
		{C73575AB-50B0-4E68-8912-6A68CD15A983}.Debug|x64.Build.0 = Debug|Any CPU
		{C73575AB-50B0-4E68-8912-6A68CD15A983}.Debug|x86.ActiveCfg = Debug|Any CPU
		{C73575AB-50B0-4E68-8912-6A68CD15A983}.Debug|x86.Build.0 = Debug|Any CPU
		{C73575AB-50B0-4E68-8912-6A68CD15A983}.Release|Any CPU.ActiveCfg = Release|Any CPU
		{C73575AB-50B0-4E68-8912-6A68CD15A983}.Release|Any CPU.Build.0 = Release|Any CPU
		{C73575AB-50B0-4E68-8912-6A68CD15A983}.Release|x64.ActiveCfg = Release|Any CPU
		{C73575AB-50B0-4E68-8912-6A68CD15A983}.Release|x64.Build.0 = Release|Any CPU
		{C73575AB-50B0-4E68-8912-6A68CD15A983}.Release|x86.ActiveCfg = Release|Any CPU
		{C73575AB-50B0-4E68-8912-6A68CD15A983}.Release|x86.Build.0 = Release|Any CPU
		{E297D667-197F-4F8B-854D-77A7BB955231}.Debug|Any CPU.ActiveCfg = Debug|Any CPU
		{E297D667-197F-4F8B-854D-77A7BB955231}.Debug|Any CPU.Build.0 = Debug|Any CPU
		{E297D667-197F-4F8B-854D-77A7BB955231}.Debug|x64.ActiveCfg = Debug|Any CPU
		{E297D667-197F-4F8B-854D-77A7BB955231}.Debug|x64.Build.0 = Debug|Any CPU
		{E297D667-197F-4F8B-854D-77A7BB955231}.Debug|x86.ActiveCfg = Debug|Any CPU
		{E297D667-197F-4F8B-854D-77A7BB955231}.Debug|x86.Build.0 = Debug|Any CPU
		{E297D667-197F-4F8B-854D-77A7BB955231}.Release|Any CPU.ActiveCfg = Release|Any CPU
		{E297D667-197F-4F8B-854D-77A7BB955231}.Release|Any CPU.Build.0 = Release|Any CPU
		{E297D667-197F-4F8B-854D-77A7BB955231}.Release|x64.ActiveCfg = Release|Any CPU
		{E297D667-197F-4F8B-854D-77A7BB955231}.Release|x64.Build.0 = Release|Any CPU
		{E297D667-197F-4F8B-854D-77A7BB955231}.Release|x86.ActiveCfg = Release|Any CPU
		{E297D667-197F-4F8B-854D-77A7BB955231}.Release|x86.Build.0 = Release|Any CPU
		{E201F827-49B3-4C37-B56C-D75BB92463CA}.Debug|Any CPU.ActiveCfg = Debug|Any CPU
		{E201F827-49B3-4C37-B56C-D75BB92463CA}.Debug|Any CPU.Build.0 = Debug|Any CPU
		{E201F827-49B3-4C37-B56C-D75BB92463CA}.Debug|x64.ActiveCfg = Debug|Any CPU
		{E201F827-49B3-4C37-B56C-D75BB92463CA}.Debug|x64.Build.0 = Debug|Any CPU
		{E201F827-49B3-4C37-B56C-D75BB92463CA}.Debug|x86.ActiveCfg = Debug|Any CPU
		{E201F827-49B3-4C37-B56C-D75BB92463CA}.Debug|x86.Build.0 = Debug|Any CPU
		{E201F827-49B3-4C37-B56C-D75BB92463CA}.Release|Any CPU.ActiveCfg = Release|Any CPU
		{E201F827-49B3-4C37-B56C-D75BB92463CA}.Release|Any CPU.Build.0 = Release|Any CPU
		{E201F827-49B3-4C37-B56C-D75BB92463CA}.Release|x64.ActiveCfg = Release|Any CPU
		{E201F827-49B3-4C37-B56C-D75BB92463CA}.Release|x64.Build.0 = Release|Any CPU
		{E201F827-49B3-4C37-B56C-D75BB92463CA}.Release|x86.ActiveCfg = Release|Any CPU
		{E201F827-49B3-4C37-B56C-D75BB92463CA}.Release|x86.Build.0 = Release|Any CPU
		{434D2822-E3F2-4EA2-AF86-4F27CC756E54}.Debug|Any CPU.ActiveCfg = Debug|Any CPU
		{434D2822-E3F2-4EA2-AF86-4F27CC756E54}.Debug|Any CPU.Build.0 = Debug|Any CPU
		{434D2822-E3F2-4EA2-AF86-4F27CC756E54}.Debug|x64.ActiveCfg = Debug|Any CPU
		{434D2822-E3F2-4EA2-AF86-4F27CC756E54}.Debug|x64.Build.0 = Debug|Any CPU
		{434D2822-E3F2-4EA2-AF86-4F27CC756E54}.Debug|x86.ActiveCfg = Debug|Any CPU
		{434D2822-E3F2-4EA2-AF86-4F27CC756E54}.Debug|x86.Build.0 = Debug|Any CPU
		{434D2822-E3F2-4EA2-AF86-4F27CC756E54}.Release|Any CPU.ActiveCfg = Release|Any CPU
		{434D2822-E3F2-4EA2-AF86-4F27CC756E54}.Release|Any CPU.Build.0 = Release|Any CPU
		{434D2822-E3F2-4EA2-AF86-4F27CC756E54}.Release|x64.ActiveCfg = Release|Any CPU
		{434D2822-E3F2-4EA2-AF86-4F27CC756E54}.Release|x64.Build.0 = Release|Any CPU
		{434D2822-E3F2-4EA2-AF86-4F27CC756E54}.Release|x86.ActiveCfg = Release|Any CPU
		{434D2822-E3F2-4EA2-AF86-4F27CC756E54}.Release|x86.Build.0 = Release|Any CPU
		{6314996E-BB0A-4D5D-8F1E-ED52321F5D50}.Debug|Any CPU.ActiveCfg = Debug|Any CPU
		{6314996E-BB0A-4D5D-8F1E-ED52321F5D50}.Debug|Any CPU.Build.0 = Debug|Any CPU
		{6314996E-BB0A-4D5D-8F1E-ED52321F5D50}.Debug|x64.ActiveCfg = Debug|Any CPU
		{6314996E-BB0A-4D5D-8F1E-ED52321F5D50}.Debug|x64.Build.0 = Debug|Any CPU
		{6314996E-BB0A-4D5D-8F1E-ED52321F5D50}.Debug|x86.ActiveCfg = Debug|Any CPU
		{6314996E-BB0A-4D5D-8F1E-ED52321F5D50}.Debug|x86.Build.0 = Debug|Any CPU
		{6314996E-BB0A-4D5D-8F1E-ED52321F5D50}.Release|Any CPU.ActiveCfg = Release|Any CPU
		{6314996E-BB0A-4D5D-8F1E-ED52321F5D50}.Release|Any CPU.Build.0 = Release|Any CPU
		{6314996E-BB0A-4D5D-8F1E-ED52321F5D50}.Release|x64.ActiveCfg = Release|Any CPU
		{6314996E-BB0A-4D5D-8F1E-ED52321F5D50}.Release|x64.Build.0 = Release|Any CPU
		{6314996E-BB0A-4D5D-8F1E-ED52321F5D50}.Release|x86.ActiveCfg = Release|Any CPU
		{6314996E-BB0A-4D5D-8F1E-ED52321F5D50}.Release|x86.Build.0 = Release|Any CPU
		{2C90752D-759E-4B11-B791-7BB78969991D}.Debug|Any CPU.ActiveCfg = Debug|Any CPU
		{2C90752D-759E-4B11-B791-7BB78969991D}.Debug|Any CPU.Build.0 = Debug|Any CPU
		{2C90752D-759E-4B11-B791-7BB78969991D}.Debug|x64.ActiveCfg = Debug|Any CPU
		{2C90752D-759E-4B11-B791-7BB78969991D}.Debug|x64.Build.0 = Debug|Any CPU
		{2C90752D-759E-4B11-B791-7BB78969991D}.Debug|x86.ActiveCfg = Debug|Any CPU
		{2C90752D-759E-4B11-B791-7BB78969991D}.Debug|x86.Build.0 = Debug|Any CPU
		{2C90752D-759E-4B11-B791-7BB78969991D}.Release|Any CPU.ActiveCfg = Release|Any CPU
		{2C90752D-759E-4B11-B791-7BB78969991D}.Release|Any CPU.Build.0 = Release|Any CPU
		{2C90752D-759E-4B11-B791-7BB78969991D}.Release|x64.ActiveCfg = Release|Any CPU
		{2C90752D-759E-4B11-B791-7BB78969991D}.Release|x64.Build.0 = Release|Any CPU
		{2C90752D-759E-4B11-B791-7BB78969991D}.Release|x86.ActiveCfg = Release|Any CPU
		{2C90752D-759E-4B11-B791-7BB78969991D}.Release|x86.Build.0 = Release|Any CPU
		{B3B04784-66F9-475F-A340-2F99E9BA84E8}.Debug|Any CPU.ActiveCfg = Debug|Any CPU
		{B3B04784-66F9-475F-A340-2F99E9BA84E8}.Debug|Any CPU.Build.0 = Debug|Any CPU
		{B3B04784-66F9-475F-A340-2F99E9BA84E8}.Debug|x64.ActiveCfg = Debug|Any CPU
		{B3B04784-66F9-475F-A340-2F99E9BA84E8}.Debug|x64.Build.0 = Debug|Any CPU
		{B3B04784-66F9-475F-A340-2F99E9BA84E8}.Debug|x86.ActiveCfg = Debug|Any CPU
		{B3B04784-66F9-475F-A340-2F99E9BA84E8}.Debug|x86.Build.0 = Debug|Any CPU
		{B3B04784-66F9-475F-A340-2F99E9BA84E8}.Release|Any CPU.ActiveCfg = Release|Any CPU
		{B3B04784-66F9-475F-A340-2F99E9BA84E8}.Release|Any CPU.Build.0 = Release|Any CPU
		{B3B04784-66F9-475F-A340-2F99E9BA84E8}.Release|x64.ActiveCfg = Release|Any CPU
		{B3B04784-66F9-475F-A340-2F99E9BA84E8}.Release|x64.Build.0 = Release|Any CPU
		{B3B04784-66F9-475F-A340-2F99E9BA84E8}.Release|x86.ActiveCfg = Release|Any CPU
		{B3B04784-66F9-475F-A340-2F99E9BA84E8}.Release|x86.Build.0 = Release|Any CPU
		{613DB117-D3C8-479B-B2E0-14CC4F7A5ACC}.Debug|Any CPU.ActiveCfg = Debug|Any CPU
		{613DB117-D3C8-479B-B2E0-14CC4F7A5ACC}.Debug|Any CPU.Build.0 = Debug|Any CPU
		{613DB117-D3C8-479B-B2E0-14CC4F7A5ACC}.Debug|x64.ActiveCfg = Debug|Any CPU
		{613DB117-D3C8-479B-B2E0-14CC4F7A5ACC}.Debug|x64.Build.0 = Debug|Any CPU
		{613DB117-D3C8-479B-B2E0-14CC4F7A5ACC}.Debug|x86.ActiveCfg = Debug|Any CPU
		{613DB117-D3C8-479B-B2E0-14CC4F7A5ACC}.Debug|x86.Build.0 = Debug|Any CPU
		{613DB117-D3C8-479B-B2E0-14CC4F7A5ACC}.Release|Any CPU.ActiveCfg = Release|Any CPU
		{613DB117-D3C8-479B-B2E0-14CC4F7A5ACC}.Release|Any CPU.Build.0 = Release|Any CPU
		{613DB117-D3C8-479B-B2E0-14CC4F7A5ACC}.Release|x64.ActiveCfg = Release|Any CPU
		{613DB117-D3C8-479B-B2E0-14CC4F7A5ACC}.Release|x64.Build.0 = Release|Any CPU
		{613DB117-D3C8-479B-B2E0-14CC4F7A5ACC}.Release|x86.ActiveCfg = Release|Any CPU
		{613DB117-D3C8-479B-B2E0-14CC4F7A5ACC}.Release|x86.Build.0 = Release|Any CPU
		{123DACF2-E1EE-4B44-8665-957A2770A87F}.Debug|Any CPU.ActiveCfg = Debug|Any CPU
		{123DACF2-E1EE-4B44-8665-957A2770A87F}.Debug|Any CPU.Build.0 = Debug|Any CPU
		{123DACF2-E1EE-4B44-8665-957A2770A87F}.Debug|x64.ActiveCfg = Debug|Any CPU
		{123DACF2-E1EE-4B44-8665-957A2770A87F}.Debug|x64.Build.0 = Debug|Any CPU
		{123DACF2-E1EE-4B44-8665-957A2770A87F}.Debug|x86.ActiveCfg = Debug|Any CPU
		{123DACF2-E1EE-4B44-8665-957A2770A87F}.Debug|x86.Build.0 = Debug|Any CPU
		{123DACF2-E1EE-4B44-8665-957A2770A87F}.Release|Any CPU.ActiveCfg = Release|Any CPU
		{123DACF2-E1EE-4B44-8665-957A2770A87F}.Release|Any CPU.Build.0 = Release|Any CPU
		{123DACF2-E1EE-4B44-8665-957A2770A87F}.Release|x64.ActiveCfg = Release|Any CPU
		{123DACF2-E1EE-4B44-8665-957A2770A87F}.Release|x64.Build.0 = Release|Any CPU
		{123DACF2-E1EE-4B44-8665-957A2770A87F}.Release|x86.ActiveCfg = Release|Any CPU
		{123DACF2-E1EE-4B44-8665-957A2770A87F}.Release|x86.Build.0 = Release|Any CPU
		{3E93A9C1-036C-47E6-940A-9CD6950C6A9B}.Debug|Any CPU.ActiveCfg = Debug|Any CPU
		{3E93A9C1-036C-47E6-940A-9CD6950C6A9B}.Debug|Any CPU.Build.0 = Debug|Any CPU
		{3E93A9C1-036C-47E6-940A-9CD6950C6A9B}.Debug|x64.ActiveCfg = Debug|Any CPU
		{3E93A9C1-036C-47E6-940A-9CD6950C6A9B}.Debug|x64.Build.0 = Debug|Any CPU
		{3E93A9C1-036C-47E6-940A-9CD6950C6A9B}.Debug|x86.ActiveCfg = Debug|Any CPU
		{3E93A9C1-036C-47E6-940A-9CD6950C6A9B}.Debug|x86.Build.0 = Debug|Any CPU
		{3E93A9C1-036C-47E6-940A-9CD6950C6A9B}.Release|Any CPU.ActiveCfg = Release|Any CPU
		{3E93A9C1-036C-47E6-940A-9CD6950C6A9B}.Release|Any CPU.Build.0 = Release|Any CPU
		{3E93A9C1-036C-47E6-940A-9CD6950C6A9B}.Release|x64.ActiveCfg = Release|Any CPU
		{3E93A9C1-036C-47E6-940A-9CD6950C6A9B}.Release|x64.Build.0 = Release|Any CPU
		{3E93A9C1-036C-47E6-940A-9CD6950C6A9B}.Release|x86.ActiveCfg = Release|Any CPU
		{3E93A9C1-036C-47E6-940A-9CD6950C6A9B}.Release|x86.Build.0 = Release|Any CPU
		{DF663590-0CF5-4B85-BE56-87F598B1BFB8}.Debug|Any CPU.ActiveCfg = Debug|Any CPU
		{DF663590-0CF5-4B85-BE56-87F598B1BFB8}.Debug|Any CPU.Build.0 = Debug|Any CPU
		{DF663590-0CF5-4B85-BE56-87F598B1BFB8}.Debug|x64.ActiveCfg = Debug|Any CPU
		{DF663590-0CF5-4B85-BE56-87F598B1BFB8}.Debug|x64.Build.0 = Debug|Any CPU
		{DF663590-0CF5-4B85-BE56-87F598B1BFB8}.Debug|x86.ActiveCfg = Debug|Any CPU
		{DF663590-0CF5-4B85-BE56-87F598B1BFB8}.Debug|x86.Build.0 = Debug|Any CPU
		{DF663590-0CF5-4B85-BE56-87F598B1BFB8}.Release|Any CPU.ActiveCfg = Release|Any CPU
		{DF663590-0CF5-4B85-BE56-87F598B1BFB8}.Release|Any CPU.Build.0 = Release|Any CPU
		{DF663590-0CF5-4B85-BE56-87F598B1BFB8}.Release|x64.ActiveCfg = Release|Any CPU
		{DF663590-0CF5-4B85-BE56-87F598B1BFB8}.Release|x64.Build.0 = Release|Any CPU
		{DF663590-0CF5-4B85-BE56-87F598B1BFB8}.Release|x86.ActiveCfg = Release|Any CPU
		{DF663590-0CF5-4B85-BE56-87F598B1BFB8}.Release|x86.Build.0 = Release|Any CPU
		{CE5C8240-667B-4F1D-AAD1-B06B1562A5B3}.Debug|Any CPU.ActiveCfg = Debug|Any CPU
		{CE5C8240-667B-4F1D-AAD1-B06B1562A5B3}.Debug|Any CPU.Build.0 = Debug|Any CPU
		{CE5C8240-667B-4F1D-AAD1-B06B1562A5B3}.Debug|x64.ActiveCfg = Debug|Any CPU
		{CE5C8240-667B-4F1D-AAD1-B06B1562A5B3}.Debug|x64.Build.0 = Debug|Any CPU
		{CE5C8240-667B-4F1D-AAD1-B06B1562A5B3}.Debug|x86.ActiveCfg = Debug|Any CPU
		{CE5C8240-667B-4F1D-AAD1-B06B1562A5B3}.Debug|x86.Build.0 = Debug|Any CPU
		{CE5C8240-667B-4F1D-AAD1-B06B1562A5B3}.Release|Any CPU.ActiveCfg = Release|Any CPU
		{CE5C8240-667B-4F1D-AAD1-B06B1562A5B3}.Release|Any CPU.Build.0 = Release|Any CPU
		{CE5C8240-667B-4F1D-AAD1-B06B1562A5B3}.Release|x64.ActiveCfg = Release|Any CPU
		{CE5C8240-667B-4F1D-AAD1-B06B1562A5B3}.Release|x64.Build.0 = Release|Any CPU
		{CE5C8240-667B-4F1D-AAD1-B06B1562A5B3}.Release|x86.ActiveCfg = Release|Any CPU
		{CE5C8240-667B-4F1D-AAD1-B06B1562A5B3}.Release|x86.Build.0 = Release|Any CPU
		{F7A32FDF-6EDA-4464-BE72-1B478FB2A1E7}.Debug|Any CPU.ActiveCfg = Debug|Any CPU
		{F7A32FDF-6EDA-4464-BE72-1B478FB2A1E7}.Debug|Any CPU.Build.0 = Debug|Any CPU
		{F7A32FDF-6EDA-4464-BE72-1B478FB2A1E7}.Debug|x64.ActiveCfg = Debug|Any CPU
		{F7A32FDF-6EDA-4464-BE72-1B478FB2A1E7}.Debug|x64.Build.0 = Debug|Any CPU
		{F7A32FDF-6EDA-4464-BE72-1B478FB2A1E7}.Debug|x86.ActiveCfg = Debug|Any CPU
		{F7A32FDF-6EDA-4464-BE72-1B478FB2A1E7}.Debug|x86.Build.0 = Debug|Any CPU
		{F7A32FDF-6EDA-4464-BE72-1B478FB2A1E7}.Release|Any CPU.ActiveCfg = Release|Any CPU
		{F7A32FDF-6EDA-4464-BE72-1B478FB2A1E7}.Release|Any CPU.Build.0 = Release|Any CPU
		{F7A32FDF-6EDA-4464-BE72-1B478FB2A1E7}.Release|x64.ActiveCfg = Release|Any CPU
		{F7A32FDF-6EDA-4464-BE72-1B478FB2A1E7}.Release|x64.Build.0 = Release|Any CPU
		{F7A32FDF-6EDA-4464-BE72-1B478FB2A1E7}.Release|x86.ActiveCfg = Release|Any CPU
		{F7A32FDF-6EDA-4464-BE72-1B478FB2A1E7}.Release|x86.Build.0 = Release|Any CPU
		{2442808F-1DC8-4525-8097-134E2319DC38}.Debug|Any CPU.ActiveCfg = Debug|Any CPU
		{2442808F-1DC8-4525-8097-134E2319DC38}.Debug|Any CPU.Build.0 = Debug|Any CPU
		{2442808F-1DC8-4525-8097-134E2319DC38}.Debug|x64.ActiveCfg = Debug|Any CPU
		{2442808F-1DC8-4525-8097-134E2319DC38}.Debug|x64.Build.0 = Debug|Any CPU
		{2442808F-1DC8-4525-8097-134E2319DC38}.Debug|x86.ActiveCfg = Debug|Any CPU
		{2442808F-1DC8-4525-8097-134E2319DC38}.Debug|x86.Build.0 = Debug|Any CPU
		{2442808F-1DC8-4525-8097-134E2319DC38}.Release|Any CPU.ActiveCfg = Release|Any CPU
		{2442808F-1DC8-4525-8097-134E2319DC38}.Release|Any CPU.Build.0 = Release|Any CPU
		{2442808F-1DC8-4525-8097-134E2319DC38}.Release|x64.ActiveCfg = Release|Any CPU
		{2442808F-1DC8-4525-8097-134E2319DC38}.Release|x64.Build.0 = Release|Any CPU
		{2442808F-1DC8-4525-8097-134E2319DC38}.Release|x86.ActiveCfg = Release|Any CPU
		{2442808F-1DC8-4525-8097-134E2319DC38}.Release|x86.Build.0 = Release|Any CPU
		{3A665792-6DBF-4C1D-A92E-76C27179893A}.Debug|Any CPU.ActiveCfg = Debug|Any CPU
		{3A665792-6DBF-4C1D-A92E-76C27179893A}.Debug|Any CPU.Build.0 = Debug|Any CPU
		{3A665792-6DBF-4C1D-A92E-76C27179893A}.Debug|x64.ActiveCfg = Debug|Any CPU
		{3A665792-6DBF-4C1D-A92E-76C27179893A}.Debug|x64.Build.0 = Debug|Any CPU
		{3A665792-6DBF-4C1D-A92E-76C27179893A}.Debug|x86.ActiveCfg = Debug|Any CPU
		{3A665792-6DBF-4C1D-A92E-76C27179893A}.Debug|x86.Build.0 = Debug|Any CPU
		{3A665792-6DBF-4C1D-A92E-76C27179893A}.Release|Any CPU.ActiveCfg = Release|Any CPU
		{3A665792-6DBF-4C1D-A92E-76C27179893A}.Release|Any CPU.Build.0 = Release|Any CPU
		{3A665792-6DBF-4C1D-A92E-76C27179893A}.Release|x64.ActiveCfg = Release|Any CPU
		{3A665792-6DBF-4C1D-A92E-76C27179893A}.Release|x64.Build.0 = Release|Any CPU
		{3A665792-6DBF-4C1D-A92E-76C27179893A}.Release|x86.ActiveCfg = Release|Any CPU
		{3A665792-6DBF-4C1D-A92E-76C27179893A}.Release|x86.Build.0 = Release|Any CPU
		{53F3977A-DC79-4391-AAD7-A23D7F2036B9}.Debug|Any CPU.ActiveCfg = Debug|Any CPU
		{53F3977A-DC79-4391-AAD7-A23D7F2036B9}.Debug|Any CPU.Build.0 = Debug|Any CPU
		{53F3977A-DC79-4391-AAD7-A23D7F2036B9}.Debug|x64.ActiveCfg = Debug|Any CPU
		{53F3977A-DC79-4391-AAD7-A23D7F2036B9}.Debug|x64.Build.0 = Debug|Any CPU
		{53F3977A-DC79-4391-AAD7-A23D7F2036B9}.Debug|x86.ActiveCfg = Debug|Any CPU
		{53F3977A-DC79-4391-AAD7-A23D7F2036B9}.Debug|x86.Build.0 = Debug|Any CPU
		{53F3977A-DC79-4391-AAD7-A23D7F2036B9}.Release|Any CPU.ActiveCfg = Release|Any CPU
		{53F3977A-DC79-4391-AAD7-A23D7F2036B9}.Release|Any CPU.Build.0 = Release|Any CPU
		{53F3977A-DC79-4391-AAD7-A23D7F2036B9}.Release|x64.ActiveCfg = Release|Any CPU
		{53F3977A-DC79-4391-AAD7-A23D7F2036B9}.Release|x64.Build.0 = Release|Any CPU
		{53F3977A-DC79-4391-AAD7-A23D7F2036B9}.Release|x86.ActiveCfg = Release|Any CPU
		{53F3977A-DC79-4391-AAD7-A23D7F2036B9}.Release|x86.Build.0 = Release|Any CPU
		{6DEBFCC5-2B57-423B-8573-5EF92F2D98B6}.Debug|Any CPU.ActiveCfg = Debug|Any CPU
		{6DEBFCC5-2B57-423B-8573-5EF92F2D98B6}.Debug|Any CPU.Build.0 = Debug|Any CPU
		{6DEBFCC5-2B57-423B-8573-5EF92F2D98B6}.Debug|x64.ActiveCfg = Debug|Any CPU
		{6DEBFCC5-2B57-423B-8573-5EF92F2D98B6}.Debug|x64.Build.0 = Debug|Any CPU
		{6DEBFCC5-2B57-423B-8573-5EF92F2D98B6}.Debug|x86.ActiveCfg = Debug|Any CPU
		{6DEBFCC5-2B57-423B-8573-5EF92F2D98B6}.Debug|x86.Build.0 = Debug|Any CPU
		{6DEBFCC5-2B57-423B-8573-5EF92F2D98B6}.Release|Any CPU.ActiveCfg = Release|Any CPU
		{6DEBFCC5-2B57-423B-8573-5EF92F2D98B6}.Release|Any CPU.Build.0 = Release|Any CPU
		{6DEBFCC5-2B57-423B-8573-5EF92F2D98B6}.Release|x64.ActiveCfg = Release|Any CPU
		{6DEBFCC5-2B57-423B-8573-5EF92F2D98B6}.Release|x64.Build.0 = Release|Any CPU
		{6DEBFCC5-2B57-423B-8573-5EF92F2D98B6}.Release|x86.ActiveCfg = Release|Any CPU
		{6DEBFCC5-2B57-423B-8573-5EF92F2D98B6}.Release|x86.Build.0 = Release|Any CPU
		{D42DE2FA-9C23-4F09-8B33-C2B1E63B7166}.Debug|Any CPU.ActiveCfg = Debug|Any CPU
		{D42DE2FA-9C23-4F09-8B33-C2B1E63B7166}.Debug|Any CPU.Build.0 = Debug|Any CPU
		{D42DE2FA-9C23-4F09-8B33-C2B1E63B7166}.Debug|x64.ActiveCfg = Debug|Any CPU
		{D42DE2FA-9C23-4F09-8B33-C2B1E63B7166}.Debug|x64.Build.0 = Debug|Any CPU
		{D42DE2FA-9C23-4F09-8B33-C2B1E63B7166}.Debug|x86.ActiveCfg = Debug|Any CPU
		{D42DE2FA-9C23-4F09-8B33-C2B1E63B7166}.Debug|x86.Build.0 = Debug|Any CPU
		{D42DE2FA-9C23-4F09-8B33-C2B1E63B7166}.Release|Any CPU.ActiveCfg = Release|Any CPU
		{D42DE2FA-9C23-4F09-8B33-C2B1E63B7166}.Release|Any CPU.Build.0 = Release|Any CPU
		{D42DE2FA-9C23-4F09-8B33-C2B1E63B7166}.Release|x64.ActiveCfg = Release|Any CPU
		{D42DE2FA-9C23-4F09-8B33-C2B1E63B7166}.Release|x64.Build.0 = Release|Any CPU
		{D42DE2FA-9C23-4F09-8B33-C2B1E63B7166}.Release|x86.ActiveCfg = Release|Any CPU
		{D42DE2FA-9C23-4F09-8B33-C2B1E63B7166}.Release|x86.Build.0 = Release|Any CPU
		{AF04DE2D-9531-443D-AB57-71DFE42B0D19}.Debug|Any CPU.ActiveCfg = Debug|Any CPU
		{AF04DE2D-9531-443D-AB57-71DFE42B0D19}.Debug|Any CPU.Build.0 = Debug|Any CPU
		{AF04DE2D-9531-443D-AB57-71DFE42B0D19}.Debug|x64.ActiveCfg = Debug|Any CPU
		{AF04DE2D-9531-443D-AB57-71DFE42B0D19}.Debug|x64.Build.0 = Debug|Any CPU
		{AF04DE2D-9531-443D-AB57-71DFE42B0D19}.Debug|x86.ActiveCfg = Debug|Any CPU
		{AF04DE2D-9531-443D-AB57-71DFE42B0D19}.Debug|x86.Build.0 = Debug|Any CPU
		{AF04DE2D-9531-443D-AB57-71DFE42B0D19}.Release|Any CPU.ActiveCfg = Release|Any CPU
		{AF04DE2D-9531-443D-AB57-71DFE42B0D19}.Release|Any CPU.Build.0 = Release|Any CPU
		{AF04DE2D-9531-443D-AB57-71DFE42B0D19}.Release|x64.ActiveCfg = Release|Any CPU
		{AF04DE2D-9531-443D-AB57-71DFE42B0D19}.Release|x64.Build.0 = Release|Any CPU
		{AF04DE2D-9531-443D-AB57-71DFE42B0D19}.Release|x86.ActiveCfg = Release|Any CPU
		{AF04DE2D-9531-443D-AB57-71DFE42B0D19}.Release|x86.Build.0 = Release|Any CPU
		{BB3FE9E0-8DCE-41C9-8D13-A3469EA1A458}.Debug|Any CPU.ActiveCfg = Debug|Any CPU
		{BB3FE9E0-8DCE-41C9-8D13-A3469EA1A458}.Debug|Any CPU.Build.0 = Debug|Any CPU
		{BB3FE9E0-8DCE-41C9-8D13-A3469EA1A458}.Debug|x64.ActiveCfg = Debug|Any CPU
		{BB3FE9E0-8DCE-41C9-8D13-A3469EA1A458}.Debug|x64.Build.0 = Debug|Any CPU
		{BB3FE9E0-8DCE-41C9-8D13-A3469EA1A458}.Debug|x86.ActiveCfg = Debug|Any CPU
		{BB3FE9E0-8DCE-41C9-8D13-A3469EA1A458}.Debug|x86.Build.0 = Debug|Any CPU
		{BB3FE9E0-8DCE-41C9-8D13-A3469EA1A458}.Release|Any CPU.ActiveCfg = Release|Any CPU
		{BB3FE9E0-8DCE-41C9-8D13-A3469EA1A458}.Release|Any CPU.Build.0 = Release|Any CPU
		{BB3FE9E0-8DCE-41C9-8D13-A3469EA1A458}.Release|x64.ActiveCfg = Release|Any CPU
		{BB3FE9E0-8DCE-41C9-8D13-A3469EA1A458}.Release|x64.Build.0 = Release|Any CPU
		{BB3FE9E0-8DCE-41C9-8D13-A3469EA1A458}.Release|x86.ActiveCfg = Release|Any CPU
		{BB3FE9E0-8DCE-41C9-8D13-A3469EA1A458}.Release|x86.Build.0 = Release|Any CPU
		{19EF76FF-C489-4687-94CA-4C272D3B5D6E}.Debug|Any CPU.ActiveCfg = Debug|Any CPU
		{19EF76FF-C489-4687-94CA-4C272D3B5D6E}.Debug|Any CPU.Build.0 = Debug|Any CPU
		{19EF76FF-C489-4687-94CA-4C272D3B5D6E}.Debug|x64.ActiveCfg = Debug|Any CPU
		{19EF76FF-C489-4687-94CA-4C272D3B5D6E}.Debug|x64.Build.0 = Debug|Any CPU
		{19EF76FF-C489-4687-94CA-4C272D3B5D6E}.Debug|x86.ActiveCfg = Debug|Any CPU
		{19EF76FF-C489-4687-94CA-4C272D3B5D6E}.Debug|x86.Build.0 = Debug|Any CPU
		{19EF76FF-C489-4687-94CA-4C272D3B5D6E}.Release|Any CPU.ActiveCfg = Release|Any CPU
		{19EF76FF-C489-4687-94CA-4C272D3B5D6E}.Release|Any CPU.Build.0 = Release|Any CPU
		{19EF76FF-C489-4687-94CA-4C272D3B5D6E}.Release|x64.ActiveCfg = Release|Any CPU
		{19EF76FF-C489-4687-94CA-4C272D3B5D6E}.Release|x64.Build.0 = Release|Any CPU
		{19EF76FF-C489-4687-94CA-4C272D3B5D6E}.Release|x86.ActiveCfg = Release|Any CPU
		{19EF76FF-C489-4687-94CA-4C272D3B5D6E}.Release|x86.Build.0 = Release|Any CPU
		{9C3D5051-38F6-463D-8ED8-A4BF9009CDFA}.Debug|Any CPU.ActiveCfg = Debug|Any CPU
		{9C3D5051-38F6-463D-8ED8-A4BF9009CDFA}.Debug|Any CPU.Build.0 = Debug|Any CPU
		{9C3D5051-38F6-463D-8ED8-A4BF9009CDFA}.Debug|x64.ActiveCfg = Debug|Any CPU
		{9C3D5051-38F6-463D-8ED8-A4BF9009CDFA}.Debug|x64.Build.0 = Debug|Any CPU
		{9C3D5051-38F6-463D-8ED8-A4BF9009CDFA}.Debug|x86.ActiveCfg = Debug|Any CPU
		{9C3D5051-38F6-463D-8ED8-A4BF9009CDFA}.Debug|x86.Build.0 = Debug|Any CPU
		{9C3D5051-38F6-463D-8ED8-A4BF9009CDFA}.Release|Any CPU.ActiveCfg = Release|Any CPU
		{9C3D5051-38F6-463D-8ED8-A4BF9009CDFA}.Release|Any CPU.Build.0 = Release|Any CPU
		{9C3D5051-38F6-463D-8ED8-A4BF9009CDFA}.Release|x64.ActiveCfg = Release|Any CPU
		{9C3D5051-38F6-463D-8ED8-A4BF9009CDFA}.Release|x64.Build.0 = Release|Any CPU
		{9C3D5051-38F6-463D-8ED8-A4BF9009CDFA}.Release|x86.ActiveCfg = Release|Any CPU
		{9C3D5051-38F6-463D-8ED8-A4BF9009CDFA}.Release|x86.Build.0 = Release|Any CPU
		{C5BD6EBC-2EF6-491F-9407-920009BB4847}.Debug|Any CPU.ActiveCfg = Debug|Any CPU
		{C5BD6EBC-2EF6-491F-9407-920009BB4847}.Debug|Any CPU.Build.0 = Debug|Any CPU
		{C5BD6EBC-2EF6-491F-9407-920009BB4847}.Debug|x64.ActiveCfg = Debug|Any CPU
		{C5BD6EBC-2EF6-491F-9407-920009BB4847}.Debug|x64.Build.0 = Debug|Any CPU
		{C5BD6EBC-2EF6-491F-9407-920009BB4847}.Debug|x86.ActiveCfg = Debug|Any CPU
		{C5BD6EBC-2EF6-491F-9407-920009BB4847}.Debug|x86.Build.0 = Debug|Any CPU
		{C5BD6EBC-2EF6-491F-9407-920009BB4847}.Release|Any CPU.ActiveCfg = Release|Any CPU
		{C5BD6EBC-2EF6-491F-9407-920009BB4847}.Release|Any CPU.Build.0 = Release|Any CPU
		{C5BD6EBC-2EF6-491F-9407-920009BB4847}.Release|x64.ActiveCfg = Release|Any CPU
		{C5BD6EBC-2EF6-491F-9407-920009BB4847}.Release|x64.Build.0 = Release|Any CPU
		{C5BD6EBC-2EF6-491F-9407-920009BB4847}.Release|x86.ActiveCfg = Release|Any CPU
		{C5BD6EBC-2EF6-491F-9407-920009BB4847}.Release|x86.Build.0 = Release|Any CPU
		{A9341E70-7B94-4A2B-8317-66651EBCDF7D}.Debug|Any CPU.ActiveCfg = Debug|Any CPU
		{A9341E70-7B94-4A2B-8317-66651EBCDF7D}.Debug|Any CPU.Build.0 = Debug|Any CPU
		{A9341E70-7B94-4A2B-8317-66651EBCDF7D}.Debug|x64.ActiveCfg = Debug|Any CPU
		{A9341E70-7B94-4A2B-8317-66651EBCDF7D}.Debug|x64.Build.0 = Debug|Any CPU
		{A9341E70-7B94-4A2B-8317-66651EBCDF7D}.Debug|x86.ActiveCfg = Debug|Any CPU
		{A9341E70-7B94-4A2B-8317-66651EBCDF7D}.Debug|x86.Build.0 = Debug|Any CPU
		{A9341E70-7B94-4A2B-8317-66651EBCDF7D}.Release|Any CPU.ActiveCfg = Release|Any CPU
		{A9341E70-7B94-4A2B-8317-66651EBCDF7D}.Release|Any CPU.Build.0 = Release|Any CPU
		{A9341E70-7B94-4A2B-8317-66651EBCDF7D}.Release|x64.ActiveCfg = Release|Any CPU
		{A9341E70-7B94-4A2B-8317-66651EBCDF7D}.Release|x64.Build.0 = Release|Any CPU
		{A9341E70-7B94-4A2B-8317-66651EBCDF7D}.Release|x86.ActiveCfg = Release|Any CPU
		{A9341E70-7B94-4A2B-8317-66651EBCDF7D}.Release|x86.Build.0 = Release|Any CPU
		{05C22563-846B-4475-AD12-AAEAC94E116E}.Debug|Any CPU.ActiveCfg = Debug|Any CPU
		{05C22563-846B-4475-AD12-AAEAC94E116E}.Debug|Any CPU.Build.0 = Debug|Any CPU
		{05C22563-846B-4475-AD12-AAEAC94E116E}.Debug|x64.ActiveCfg = Debug|Any CPU
		{05C22563-846B-4475-AD12-AAEAC94E116E}.Debug|x64.Build.0 = Debug|Any CPU
		{05C22563-846B-4475-AD12-AAEAC94E116E}.Debug|x86.ActiveCfg = Debug|Any CPU
		{05C22563-846B-4475-AD12-AAEAC94E116E}.Debug|x86.Build.0 = Debug|Any CPU
		{05C22563-846B-4475-AD12-AAEAC94E116E}.Release|Any CPU.ActiveCfg = Release|Any CPU
		{05C22563-846B-4475-AD12-AAEAC94E116E}.Release|Any CPU.Build.0 = Release|Any CPU
		{05C22563-846B-4475-AD12-AAEAC94E116E}.Release|x64.ActiveCfg = Release|Any CPU
		{05C22563-846B-4475-AD12-AAEAC94E116E}.Release|x64.Build.0 = Release|Any CPU
		{05C22563-846B-4475-AD12-AAEAC94E116E}.Release|x86.ActiveCfg = Release|Any CPU
		{05C22563-846B-4475-AD12-AAEAC94E116E}.Release|x86.Build.0 = Release|Any CPU
		{94CF5487-C7FF-4AB5-B79F-794A1E3AB00D}.Debug|Any CPU.ActiveCfg = Debug|Any CPU
		{94CF5487-C7FF-4AB5-B79F-794A1E3AB00D}.Debug|Any CPU.Build.0 = Debug|Any CPU
		{94CF5487-C7FF-4AB5-B79F-794A1E3AB00D}.Debug|x64.ActiveCfg = Debug|Any CPU
		{94CF5487-C7FF-4AB5-B79F-794A1E3AB00D}.Debug|x64.Build.0 = Debug|Any CPU
		{94CF5487-C7FF-4AB5-B79F-794A1E3AB00D}.Debug|x86.ActiveCfg = Debug|Any CPU
		{94CF5487-C7FF-4AB5-B79F-794A1E3AB00D}.Debug|x86.Build.0 = Debug|Any CPU
		{94CF5487-C7FF-4AB5-B79F-794A1E3AB00D}.Release|Any CPU.ActiveCfg = Release|Any CPU
		{94CF5487-C7FF-4AB5-B79F-794A1E3AB00D}.Release|Any CPU.Build.0 = Release|Any CPU
		{94CF5487-C7FF-4AB5-B79F-794A1E3AB00D}.Release|x64.ActiveCfg = Release|Any CPU
		{94CF5487-C7FF-4AB5-B79F-794A1E3AB00D}.Release|x64.Build.0 = Release|Any CPU
		{94CF5487-C7FF-4AB5-B79F-794A1E3AB00D}.Release|x86.ActiveCfg = Release|Any CPU
		{94CF5487-C7FF-4AB5-B79F-794A1E3AB00D}.Release|x86.Build.0 = Release|Any CPU
		{BA14B052-37FE-4D30-9B55-A8BBBF7005BC}.Debug|Any CPU.ActiveCfg = Debug|Any CPU
		{BA14B052-37FE-4D30-9B55-A8BBBF7005BC}.Debug|Any CPU.Build.0 = Debug|Any CPU
		{BA14B052-37FE-4D30-9B55-A8BBBF7005BC}.Debug|x64.ActiveCfg = Debug|Any CPU
		{BA14B052-37FE-4D30-9B55-A8BBBF7005BC}.Debug|x64.Build.0 = Debug|Any CPU
		{BA14B052-37FE-4D30-9B55-A8BBBF7005BC}.Debug|x86.ActiveCfg = Debug|Any CPU
		{BA14B052-37FE-4D30-9B55-A8BBBF7005BC}.Debug|x86.Build.0 = Debug|Any CPU
		{BA14B052-37FE-4D30-9B55-A8BBBF7005BC}.Release|Any CPU.ActiveCfg = Release|Any CPU
		{BA14B052-37FE-4D30-9B55-A8BBBF7005BC}.Release|Any CPU.Build.0 = Release|Any CPU
		{BA14B052-37FE-4D30-9B55-A8BBBF7005BC}.Release|x64.ActiveCfg = Release|Any CPU
		{BA14B052-37FE-4D30-9B55-A8BBBF7005BC}.Release|x64.Build.0 = Release|Any CPU
		{BA14B052-37FE-4D30-9B55-A8BBBF7005BC}.Release|x86.ActiveCfg = Release|Any CPU
		{BA14B052-37FE-4D30-9B55-A8BBBF7005BC}.Release|x86.Build.0 = Release|Any CPU
		{27976141-E293-4B0C-A94C-17F0A8EAE6CA}.Debug|Any CPU.ActiveCfg = Debug|Any CPU
		{27976141-E293-4B0C-A94C-17F0A8EAE6CA}.Debug|Any CPU.Build.0 = Debug|Any CPU
		{27976141-E293-4B0C-A94C-17F0A8EAE6CA}.Debug|x64.ActiveCfg = Debug|Any CPU
		{27976141-E293-4B0C-A94C-17F0A8EAE6CA}.Debug|x64.Build.0 = Debug|Any CPU
		{27976141-E293-4B0C-A94C-17F0A8EAE6CA}.Debug|x86.ActiveCfg = Debug|Any CPU
		{27976141-E293-4B0C-A94C-17F0A8EAE6CA}.Debug|x86.Build.0 = Debug|Any CPU
		{27976141-E293-4B0C-A94C-17F0A8EAE6CA}.Release|Any CPU.ActiveCfg = Release|Any CPU
		{27976141-E293-4B0C-A94C-17F0A8EAE6CA}.Release|Any CPU.Build.0 = Release|Any CPU
		{27976141-E293-4B0C-A94C-17F0A8EAE6CA}.Release|x64.ActiveCfg = Release|Any CPU
		{27976141-E293-4B0C-A94C-17F0A8EAE6CA}.Release|x64.Build.0 = Release|Any CPU
		{27976141-E293-4B0C-A94C-17F0A8EAE6CA}.Release|x86.ActiveCfg = Release|Any CPU
		{27976141-E293-4B0C-A94C-17F0A8EAE6CA}.Release|x86.Build.0 = Release|Any CPU
		{E2C2705C-0679-3A40-A661-18B7B46F85BD}.Debug|Any CPU.ActiveCfg = Debug|Any CPU
		{E2C2705C-0679-3A40-A661-18B7B46F85BD}.Debug|Any CPU.Build.0 = Debug|Any CPU
		{E2C2705C-0679-3A40-A661-18B7B46F85BD}.Debug|x64.ActiveCfg = Debug|Any CPU
		{E2C2705C-0679-3A40-A661-18B7B46F85BD}.Debug|x64.Build.0 = Debug|Any CPU
		{E2C2705C-0679-3A40-A661-18B7B46F85BD}.Debug|x86.ActiveCfg = Debug|Any CPU
		{E2C2705C-0679-3A40-A661-18B7B46F85BD}.Debug|x86.Build.0 = Debug|Any CPU
		{E2C2705C-0679-3A40-A661-18B7B46F85BD}.Release|Any CPU.ActiveCfg = Release|Any CPU
		{E2C2705C-0679-3A40-A661-18B7B46F85BD}.Release|Any CPU.Build.0 = Release|Any CPU
		{E2C2705C-0679-3A40-A661-18B7B46F85BD}.Release|x64.ActiveCfg = Release|Any CPU
		{E2C2705C-0679-3A40-A661-18B7B46F85BD}.Release|x64.Build.0 = Release|Any CPU
		{E2C2705C-0679-3A40-A661-18B7B46F85BD}.Release|x86.ActiveCfg = Release|Any CPU
		{E2C2705C-0679-3A40-A661-18B7B46F85BD}.Release|x86.Build.0 = Release|Any CPU
	EndGlobalSection
	GlobalSection(SolutionProperties) = preSolution
		HideSolutionNode = FALSE
	EndGlobalSection
	GlobalSection(NestedProjects) = preSolution
		{A729AB1A-1771-433A-AA81-86FED727959D} = {5332F91A-EFBD-4459-937B-1BDF02B6F645}
		{1B5E9F65-26ED-4341-9D78-11F4D5FDF070} = {A729AB1A-1771-433A-AA81-86FED727959D}
		{206EA22B-2836-45D5-9269-7A3D3D340240} = {1B5E9F65-26ED-4341-9D78-11F4D5FDF070}
		{2A5E8280-3C02-41DA-83CE-245B41BF2EA4} = {1B5E9F65-26ED-4341-9D78-11F4D5FDF070}
		{4D1DE3E6-F66F-4B68-A6DE-4B2BBC6CC099} = {1B5E9F65-26ED-4341-9D78-11F4D5FDF070}
		{0A5FB38A-251E-4847-9EB7-76B8A63ABEFE} = {1B5E9F65-26ED-4341-9D78-11F4D5FDF070}
		{44F71EE4-7B4D-4BDB-A09D-82BF33E74970} = {1B5E9F65-26ED-4341-9D78-11F4D5FDF070}
		{74B8540D-6069-420F-81C7-424512D80197} = {A729AB1A-1771-433A-AA81-86FED727959D}
		{AA94C574-97EB-4EED-9799-D139E2752596} = {74B8540D-6069-420F-81C7-424512D80197}
		{504250D3-41FE-4D00-B462-6937BF992BEB} = {74B8540D-6069-420F-81C7-424512D80197}
		{7AF1A635-6666-4712-B0FE-8E5697233212} = {74B8540D-6069-420F-81C7-424512D80197}
		{4F028927-8B2A-4BD4-9409-119A6446832E} = {74B8540D-6069-420F-81C7-424512D80197}
		{E79D6F6C-A73E-4C08-96BA-D01689925345} = {74B8540D-6069-420F-81C7-424512D80197}
		{3F6865C9-B7E2-4F5B-925F-DB6B4BCC54D3} = {74B8540D-6069-420F-81C7-424512D80197}
		{A754223D-82CC-47B2-9BA3-5049869F20A8} = {A729AB1A-1771-433A-AA81-86FED727959D}
		{019D3078-0C5F-4B2E-ABC5-C7D9081DEB08} = {A754223D-82CC-47B2-9BA3-5049869F20A8}
		{320943B9-C6F3-4842-9830-6684847B8368} = {A754223D-82CC-47B2-9BA3-5049869F20A8}
		{C73575AB-50B0-4E68-8912-6A68CD15A983} = {A754223D-82CC-47B2-9BA3-5049869F20A8}
		{7E12F6BA-3D58-49F2-8103-941E1BF099C1} = {A729AB1A-1771-433A-AA81-86FED727959D}
		{E297D667-197F-4F8B-854D-77A7BB955231} = {7E12F6BA-3D58-49F2-8103-941E1BF099C1}
		{E201F827-49B3-4C37-B56C-D75BB92463CA} = {7E12F6BA-3D58-49F2-8103-941E1BF099C1}
		{434D2822-E3F2-4EA2-AF86-4F27CC756E54} = {7E12F6BA-3D58-49F2-8103-941E1BF099C1}
		{6314996E-BB0A-4D5D-8F1E-ED52321F5D50} = {7E12F6BA-3D58-49F2-8103-941E1BF099C1}
		{5C3D96F7-FE93-499D-B777-292BB34C05FF} = {A729AB1A-1771-433A-AA81-86FED727959D}
		{2C90752D-759E-4B11-B791-7BB78969991D} = {5C3D96F7-FE93-499D-B777-292BB34C05FF}
		{B3B04784-66F9-475F-A340-2F99E9BA84E8} = {5C3D96F7-FE93-499D-B777-292BB34C05FF}
		{613DB117-D3C8-479B-B2E0-14CC4F7A5ACC} = {5C3D96F7-FE93-499D-B777-292BB34C05FF}
		{123DACF2-E1EE-4B44-8665-957A2770A87F} = {5C3D96F7-FE93-499D-B777-292BB34C05FF}
		{FB506694-F6B2-47F4-835F-4E597CCE300C} = {5332F91A-EFBD-4459-937B-1BDF02B6F645}
		{9F65711B-2308-4B44-85C7-9F003CBE8210} = {FB506694-F6B2-47F4-835F-4E597CCE300C}
		{3E93A9C1-036C-47E6-940A-9CD6950C6A9B} = {9F65711B-2308-4B44-85C7-9F003CBE8210}
		{DF663590-0CF5-4B85-BE56-87F598B1BFB8} = {9F65711B-2308-4B44-85C7-9F003CBE8210}
		{CE5C8240-667B-4F1D-AAD1-B06B1562A5B3} = {9F65711B-2308-4B44-85C7-9F003CBE8210}
		{F7A32FDF-6EDA-4464-BE72-1B478FB2A1E7} = {9F65711B-2308-4B44-85C7-9F003CBE8210}
		{40580F6B-77E9-43A3-90B1-FD9650B2159F} = {FB506694-F6B2-47F4-835F-4E597CCE300C}
		{2442808F-1DC8-4525-8097-134E2319DC38} = {40580F6B-77E9-43A3-90B1-FD9650B2159F}
		{3A665792-6DBF-4C1D-A92E-76C27179893A} = {40580F6B-77E9-43A3-90B1-FD9650B2159F}
		{53F3977A-DC79-4391-AAD7-A23D7F2036B9} = {40580F6B-77E9-43A3-90B1-FD9650B2159F}
		{6DEBFCC5-2B57-423B-8573-5EF92F2D98B6} = {40580F6B-77E9-43A3-90B1-FD9650B2159F}
		{D42DE2FA-9C23-4F09-8B33-C2B1E63B7166} = {40580F6B-77E9-43A3-90B1-FD9650B2159F}
		{48BD6A1E-B26F-4D8A-86D6-1C3A7CE18E01} = {FB506694-F6B2-47F4-835F-4E597CCE300C}
		{AF04DE2D-9531-443D-AB57-71DFE42B0D19} = {48BD6A1E-B26F-4D8A-86D6-1C3A7CE18E01}
		{BB3FE9E0-8DCE-41C9-8D13-A3469EA1A458} = {48BD6A1E-B26F-4D8A-86D6-1C3A7CE18E01}
		{19EF76FF-C489-4687-94CA-4C272D3B5D6E} = {48BD6A1E-B26F-4D8A-86D6-1C3A7CE18E01}
		{2F2628FB-1FB1-4BD7-B607-2B540CC00126} = {FB506694-F6B2-47F4-835F-4E597CCE300C}
		{9C3D5051-38F6-463D-8ED8-A4BF9009CDFA} = {2F2628FB-1FB1-4BD7-B607-2B540CC00126}
		{C5BD6EBC-2EF6-491F-9407-920009BB4847} = {2F2628FB-1FB1-4BD7-B607-2B540CC00126}
		{A9341E70-7B94-4A2B-8317-66651EBCDF7D} = {2F2628FB-1FB1-4BD7-B607-2B540CC00126}
		{2B442B24-AD6A-4D46-9C9A-4778E952718C} = {FB506694-F6B2-47F4-835F-4E597CCE300C}
		{05C22563-846B-4475-AD12-AAEAC94E116E} = {2B442B24-AD6A-4D46-9C9A-4778E952718C}
		{94CF5487-C7FF-4AB5-B79F-794A1E3AB00D} = {2B442B24-AD6A-4D46-9C9A-4778E952718C}
		{BA14B052-37FE-4D30-9B55-A8BBBF7005BC} = {2B442B24-AD6A-4D46-9C9A-4778E952718C}
		{27976141-E293-4B0C-A94C-17F0A8EAE6CA} = {2B442B24-AD6A-4D46-9C9A-4778E952718C}
		{E2C2705C-0679-3A40-A661-18B7B46F85BD} = {9F65711B-2308-4B44-85C7-9F003CBE8210}
	EndGlobalSection
	GlobalSection(ExtensibilityGlobals) = postSolution
		SolutionGuid = {1EA2E2D4-2E0F-4C60-9EF0-FFB8ABB70C54}
	EndGlobalSection
EndGlobal
